
Microsoft Visual Studio Solution File, Format Version 12.00
# Visual Studio Version 16
VisualStudioVersion = 16.0.30413.136
MinimumVisualStudioVersion = 10.0.40219.1
Project("{888888A0-9F3D-457C-B088-3A5042F75D52}") = "CCIT_Demo", "CCIT_Demo\CCIT_Demo.pyproj", "{B08EB121-A98C-4595-B297-BD72AC261B77}"
EndProject
Global
	GlobalSection(SolutionConfigurationPlatforms) = preSolution
		Debug|Any CPU = Debug|Any CPU
		Release|Any CPU = Release|Any CPU
	EndGlobalSection
	GlobalSection(ProjectConfigurationPlatforms) = postSolution
		{B08EB121-A98C-4595-B297-BD72AC261B77}.Debug|Any CPU.ActiveCfg = Debug|Any CPU
		{B08EB121-A98C-4595-B297-BD72AC261B77}.Release|Any CPU.ActiveCfg = Release|Any CPU
	EndGlobalSection
	GlobalSection(SolutionProperties) = preSolution
		HideSolutionNode = FALSE
	EndGlobalSection
	GlobalSection(ExtensibilityGlobals) = postSolution
		SolutionGuid = {45B71700-2C25-41B5-8EAE-38D6B999CDB0}
	EndGlobalSection
EndGlobal
